PODS:
  - HXCategoriesPro (1.0.3)
  - libextobjc (0.6):
    - libextobjc/EXTADT (= 0.6)
    - libextobjc/EXTConcreteProtocol (= 0.6)
    - libextobjc/EXTKeyPathCoding (= 0.6)
    - libextobjc/EXTNil (= 0.6)
    - libextobjc/EXTSafeCategory (= 0.6)
    - libextobjc/EXTScope (= 0.6)
    - libextobjc/EXTSelectorChecking (= 0.6)
    - libextobjc/EXTSynthesize (= 0.6)
    - "libextobjc/NSInvocation+EXT (= 0.6)"
    - "libextobjc/NSMethodSignature+EXT (= 0.6)"
    - libextobjc/RuntimeExtensions (= 0.6)
    - libextobjc/UmbrellaHeader (= 0.6)
  - libextobjc/EXTADT (0.6):
    - libextobjc/RuntimeExtensions
  - libextobjc/EXTConcreteProtocol (0.6):
    - libextobjc/RuntimeExtensions
  - libextobjc/EXTKeyPathCoding (0.6):
    - libextobjc/RuntimeExtensions
  - libextobjc/EXTNil (0.6):
    - libextobjc/RuntimeExtensions
  - libextobjc/EXTSafeCategory (0.6):
    - libextobjc/RuntimeExtensions
  - libextobjc/EXTScope (0.6):
    - libextobjc/RuntimeExtensions
  - libextobjc/EXTSelectorChecking (0.6):
    - libextobjc/RuntimeExtensions
  - libextobjc/EXTSynthesize (0.6):
    - libextobjc/RuntimeExtensions
  - "libextobjc/NSInvocation+EXT (0.6)":
    - libextobjc/RuntimeExtensions
  - "libextobjc/NSMethodSignature+EXT (0.6)":
    - libextobjc/RuntimeExtensions
  - libextobjc/RuntimeExtensions (0.6)
  - libextobjc/UmbrellaHeader (0.6)
  - ZDAudio (1.0.1):
    - HXCategoriesPro
    - libextobjc

DEPENDENCIES:
  - ZDAudio (from `../`)

SPEC REPOS:
  trunk:
    - HXCategoriesPro
    - libextobjc

EXTERNAL SOURCES:
  ZDAudio:
    :path: "../"

SPEC CHECKSUMS:
  HXCategoriesPro: d5e12446f2486c08a1912a7137ffdd5b6ad8ebcc
  libextobjc: aed8b7d2b07f511c1a7ecaacb33ea03e327c69b7
  ZDAudio: 35ab4581c01acf3f79e49dee853f5c4186fcd377

PODFILE CHECKSUM: 534517d428796b89783b7a1b087641fcbc733f9f

COCOAPODS: 1.10.1
